
Microsoft Visual Studio Solution File, Format Version 12.00
# Visual Studio Version 17
VisualStudioVersion = 17.0.31912.275
MinimumVisualStudioVersion = 10.0.40219.1
Project("{FAE04EC0-301F-11D3-BF4B-00C04F79EFBC}") = "TsheThauLoo", "TsheThauLoo\TsheThauLoo.csproj", "{1FB1F09A-EA66-4FD0-830E-02225EC664FA}"
EndProject
Global
	GlobalSection(SolutionConfigurationPlatforms) = preSolution
		Debug|Any CPU = Debug|Any CPU
		Release|Any CPU = Release|Any CPU
	EndGlobalSection
	GlobalSection(ProjectConfigurationPlatforms) = postSolution
		{1FB1F09A-EA66-4FD0-830E-02225EC664FA}.Debug|Any CPU.ActiveCfg = Debug|Any CPU
		{1FB1F09A-EA66-4FD0-830E-02225EC664FA}.Debug|Any CPU.Build.0 = Debug|Any CPU
		{1FB1F09A-EA66-4FD0-830E-02225EC664FA}.Release|Any CPU.ActiveCfg = Release|Any CPU
		{1FB1F09A-EA66-4FD0-830E-02225EC664FA}.Release|Any CPU.Build.0 = Release|Any CPU
	EndGlobalSection
	GlobalSection(SolutionProperties) = preSolution
		HideSolutionNode = FALSE
	EndGlobalSection
	GlobalSection(ExtensibilityGlobals) = postSolution
		SolutionGuid = {0D876215-4B50-40E4-B8CF-9D0E101A3556}
	EndGlobalSection
EndGlobal
